
Microsoft Visual Studio Solution File, Format Version 12.00
# Visual Studio 14
VisualStudioVersion = 14.0.23107.0
MinimumVisualStudioVersion = 10.0.40219.1
Project("{FAE04EC0-301F-11D3-BF4B-00C04F79EFBC}") = "OrleansBasicUnitTests", "OrleansBasicUnitTests\OrleansBasicUnitTests.csproj", "{365DDFD6-DAF6-4896-B6ED-1EB6CB5D0335}"
EndProject
Project("{FAE04EC0-301F-11D3-BF4B-00C04F79EFBC}") = "Lesson2aGrains", "Lesson2aGrains\Lesson2aGrains.csproj", "{D43FBE38-E65D-4CF9-94A6-6A6D794ADC04}"
EndProject
Project("{FAE04EC0-301F-11D3-BF4B-00C04F79EFBC}") = "Lesson2aGrainInterfaces", "Lesson2aGrainInterfaces\Lesson2aGrainInterfaces.csproj", "{C937FBF8-8488-4187-B635-1CCA6CDBD17F}"
EndProject
Global
	GlobalSection(SolutionConfigurationPlatforms) = preSolution
		Debug|Any CPU = Debug|Any CPU
		Release|Any CPU = Release|Any CPU
	EndGlobalSection
	GlobalSection(ProjectConfigurationPlatforms) = postSolution
		{365DDFD6-DAF6-4896-B6ED-1EB6CB5D0335}.Debug|Any CPU.ActiveCfg = Debug|Any CPU
		{365DDFD6-DAF6-4896-B6ED-1EB6CB5D0335}.Debug|Any CPU.Build.0 = Debug|Any CPU
		{365DDFD6-DAF6-4896-B6ED-1EB6CB5D0335}.Release|Any CPU.ActiveCfg = Release|Any CPU
		{365DDFD6-DAF6-4896-B6ED-1EB6CB5D0335}.Release|Any CPU.Build.0 = Release|Any CPU
		{D43FBE38-E65D-4CF9-94A6-6A6D794ADC04}.Debug|Any CPU.ActiveCfg = Debug|Any CPU
		{D43FBE38-E65D-4CF9-94A6-6A6D794ADC04}.Debug|Any CPU.Build.0 = Debug|Any CPU
		{D43FBE38-E65D-4CF9-94A6-6A6D794ADC04}.Release|Any CPU.ActiveCfg = Release|Any CPU
		{D43FBE38-E65D-4CF9-94A6-6A6D794ADC04}.Release|Any CPU.Build.0 = Release|Any CPU
		{C937FBF8-8488-4187-B635-1CCA6CDBD17F}.Debug|Any CPU.ActiveCfg = Debug|Any CPU
		{C937FBF8-8488-4187-B635-1CCA6CDBD17F}.Debug|Any CPU.Build.0 = Debug|Any CPU
		{C937FBF8-8488-4187-B635-1CCA6CDBD17F}.Release|Any CPU.ActiveCfg = Release|Any CPU
		{C937FBF8-8488-4187-B635-1CCA6CDBD17F}.Release|Any CPU.Build.0 = Release|Any CPU
	EndGlobalSection
	GlobalSection(SolutionProperties) = preSolution
		HideSolutionNode = FALSE
	EndGlobalSection
EndGlobal
